
Microsoft Visual Studio Solution File, Format Version 12.00
# Visual Studio Version 17
VisualStudioVersion = 17.5.33516.290
MinimumVisualStudioVersion = 10.0.40219.1
Project("{FAE04EC0-301F-11D3-BF4B-00C04F79EFBC}") = "Kursovaya_Makrenko_PZ-20-3", "Kursovaya_Makrenko_PZ-20-3.csproj", "{7F6F180C-A7E3-4DD1-9BA0-12EE5887FF16}"
EndProject
Global
	GlobalSection(SolutionConfigurationPlatforms) = preSolution
		Debug|Any CPU = Debug|Any CPU
		Release|Any CPU = Release|Any CPU
	EndGlobalSection
	GlobalSection(ProjectConfigurationPlatforms) = postSolution
		{7F6F180C-A7E3-4DD1-9BA0-12EE5887FF16}.Debug|Any CPU.ActiveCfg = Debug|Any CPU
		{7F6F180C-A7E3-4DD1-9BA0-12EE5887FF16}.Debug|Any CPU.Build.0 = Debug|Any CPU
		{7F6F180C-A7E3-4DD1-9BA0-12EE5887FF16}.Release|Any CPU.ActiveCfg = Release|Any CPU
		{7F6F180C-A7E3-4DD1-9BA0-12EE5887FF16}.Release|Any CPU.Build.0 = Release|Any CPU
	EndGlobalSection
	GlobalSection(SolutionProperties) = preSolution
		HideSolutionNode = FALSE
	EndGlobalSection
	GlobalSection(ExtensibilityGlobals) = postSolution
		SolutionGuid = {E438B411-8C69-4C76-B481-A34CE25C1FA3}
	EndGlobalSection
EndGlobal
